
Microsoft Visual Studio Solution File, Format Version 12.00
# Visual Studio Version 16
VisualStudioVersion = 16.0.32510.428
MinimumVisualStudioVersion = 10.0.40219.1
Project("{8BC9CEB8-8B4A-11D0-8D11-00A0C91BC942}") = "Project5", "Project5\Project5.vcxproj", "{CE804367-618F-4F34-B3A3-731C886F9640}"
EndProject
Global
	GlobalSection(SolutionConfigurationPlatforms) = preSolution
		Debug|x64 = Debug|x64
		Debug|x86 = Debug|x86
		Release|x64 = Release|x64
		Release|x86 = Release|x86
	EndGlobalSection
	GlobalSection(ProjectConfigurationPlatforms) = postSolution
		{CE804367-618F-4F34-B3A3-731C886F9640}.Debug|x64.ActiveCfg = Debug|x64
		{CE804367-618F-4F34-B3A3-731C886F9640}.Debug|x64.Build.0 = Debug|x64
		{CE804367-618F-4F34-B3A3-731C886F9640}.Debug|x86.ActiveCfg = Debug|Win32
		{CE804367-618F-4F34-B3A3-731C886F9640}.Debug|x86.Build.0 = Debug|Win32
		{CE804367-618F-4F34-B3A3-731C886F9640}.Release|x64.ActiveCfg = Release|x64
		{CE804367-618F-4F34-B3A3-731C886F9640}.Release|x64.Build.0 = Release|x64
		{CE804367-618F-4F34-B3A3-731C886F9640}.Release|x86.ActiveCfg = Release|Win32
		{CE804367-618F-4F34-B3A3-731C886F9640}.Release|x86.Build.0 = Release|Win32
	EndGlobalSection
	GlobalSection(SolutionProperties) = preSolution
		HideSolutionNode = FALSE
	EndGlobalSection
	GlobalSection(ExtensibilityGlobals) = postSolution
		SolutionGuid = {8095943C-8883-4AB7-A257-2E71D12DC28F}
	EndGlobalSection
EndGlobal
